
Microsoft Visual Studio Solution File, Format Version 12.00
# Visual Studio Version 17
VisualStudioVersion = 17.3.32901.215
MinimumVisualStudioVersion = 10.0.40219.1
Project("{FAE04EC0-301F-11D3-BF4B-00C04F79EFBC}") = "1", "1\1.csproj", "{534FC5D4-218B-4AD9-ABEF-DAA34FBE1F5B}"
EndProject
Global
	GlobalSection(SolutionConfigurationPlatforms) = preSolution
		Debug|Any CPU = Debug|Any CPU
		Release|Any CPU = Release|Any CPU
	EndGlobalSection
	GlobalSection(ProjectConfigurationPlatforms) = postSolution
		{534FC5D4-218B-4AD9-ABEF-DAA34FBE1F5B}.Debug|Any CPU.ActiveCfg = Debug|Any CPU
		{534FC5D4-218B-4AD9-ABEF-DAA34FBE1F5B}.Debug|Any CPU.Build.0 = Debug|Any CPU
		{534FC5D4-218B-4AD9-ABEF-DAA34FBE1F5B}.Release|Any CPU.ActiveCfg = Release|Any CPU
		{534FC5D4-218B-4AD9-ABEF-DAA34FBE1F5B}.Release|Any CPU.Build.0 = Release|Any CPU
	EndGlobalSection
	GlobalSection(SolutionProperties) = preSolution
		HideSolutionNode = FALSE
	EndGlobalSection
	GlobalSection(ExtensibilityGlobals) = postSolution
		SolutionGuid = {322640F9-6833-487A-B5E4-D595741E5442}
	EndGlobalSection
EndGlobal
